{
  "nodes": {
    "flakeNimbleLib": {
      "inputs": {
        "nixpkgs": [
          "nixpkgs"
        ]
      },
      "locked": {
        "lastModified": 1662018438,
        "narHash": "sha256-QtNtU6+LX3Wokxf0zlFwKTFOcn6TeDjKQZ+DA9OYtvM=",
        "owner": "riinr",
        "repo": "nim-flakes-lib",
        "rev": "b1fe8340736e3a85d25c709ac3dfd82a55c03cbf",
        "type": "github"
      },
      "original": {
        "owner": "riinr",
        "ref": "master",
        "repo": "nim-flakes-lib",
        "type": "github"
      }
    },
    "json_builder-master": {
      "inputs": {
        "flakeNimbleLib": [
          "flakeNimbleLib"
        ],
        "nixpkgs": [
          "nixpkgs"
        ],
        "src-json_builder-master": "src-json_builder-master"
      },
      "locked": {
        "dir": "master",
        "lastModified": 1662254552,
        "narHash": "sha256-oZpjznwycSJ9vEDl+8o+8T1RyLwFnv1EFaRu3Sc8+vg=",
        "owner": "nim-nix-pkgs",
        "repo": "json_builder",
        "rev": "df06b5c0c645f3fa639ef5b11a65d4ad3bc9f555",
        "type": "github"
      },
      "original": {
        "dir": "master",
        "owner": "nim-nix-pkgs",
        "ref": "master",
        "repo": "json_builder",
        "type": "github"
      }
    },
    "nixpkgs": {
      "locked": {
        "lastModified": 1667110639,
        "narHash": "sha256-4FbPESZ5LbqQxkJJJBAfk/zKgF9h/4kyUwjjpJwYlbc=",
        "owner": "NixOS",
        "repo": "nixpkgs",
        "rev": "f38a1f04d1bec1feb61fd101a0539ae2002a7087",
        "type": "github"
      },
      "original": {
        "id": "nixpkgs",
        "type": "indirect"
      }
    },
    "root": {
      "inputs": {
        "flakeNimbleLib": "flakeNimbleLib",
        "json_builder-master": "json_builder-master",
        "nixpkgs": "nixpkgs"
      }
    },
    "src-json_builder-master": {
      "flake": false,
      "locked": {
        "lastModified": 1532093025,
        "narHash": "sha256-ubTKzaQ9QdaC5mE/bfkyydWwlHAfuYnPTnakWyRSMus=",
        "owner": "undecided",
        "repo": "json_builder",
        "rev": "bf4778cb6cf00b5f8ee87fc53e41462f7d958ccf",
        "type": "github"
      },
      "original": {
        "owner": "undecided",
        "ref": "refs/heads/master",
        "repo": "json_builder",
        "type": "github"
      }
    }
  },
  "root": "root",
  "version": 7
}
